// !$*UTF8*$!
{
	archiveVersion = 1;
	classes = {
	};
	objectVersion = 50;
	objects = {

/* Begin PBXBuildFile section */
		3D17D849234BF1AE00B035B3 /* AppDelegate.swift in Sources */ = {isa = PBXBuildFile; fileRef = 3D17D848234BF1AE00B035B3 /* AppDelegate.swift */; };
		3D17D84B234BF1AE00B035B3 /* ViewController.swift in Sources */ = {isa = PBXBuildFile; fileRef = 3D17D84A234BF1AE00B035B3 /* ViewController.swift */; };
		3D17D84E234BF1AE00B035B3 /* Main.storyboard in Resources */ = {isa = PBXBuildFile; fileRef = 3D17D84C234BF1AE00B035B3 /* Main.storyboard */; };
		3D17D850234BF1B400B035B3 /* Assets.xcassets in Resources */ = {isa = PBXBuildFile; fileRef = 3D17D84F234BF1B400B035B3 /* Assets.xcassets */; };
		3D17D853234BF1B400B035B3 /* LaunchScreen.storyboard in Resources */ = {isa = PBXBuildFile; fileRef = 3D17D851234BF1B400B035B3 /* LaunchScreen.storyboard */; };
		3D17D85E234BF1B400B035B3 /* CalculatorTests.swift in Sources */ = {isa = PBXBuildFile; fileRef = 3D17D85D234BF1B400B035B3 /* CalculatorTests.swift */; };
		3D17D869234BF1B400B035B3 /* CalculatorUITests.swift in Sources */ = {isa = PBXBuildFile; fileRef = 3D17D868234BF1B400B035B3 /* CalculatorUITests.swift */; };
/* End PBXBuildFile section */

/* Begin PBXContainerItemProxy section */
		3D17D85A234BF1B400B035B3 /* PBXContainerItemProxy */ = {
			isa = PBXContainerItemProxy;
			containerPortal = 3D17D83D234BF1AE00B035B3 /* Project object */;
			proxyType = 1;
			remoteGlobalIDString = 3D17D844234BF1AE00B035B3;
			remoteInfo = Calculator;
		};
		3D17D865234BF1B400B035B3 /* PBXContainerItemProxy */ = {
			isa = PBXContainerItemProxy;
			containerPortal = 3D17D83D234BF1AE00B035B3 /* Project object */;
			proxyType = 1;
			remoteGlobalIDString = 3D17D844234BF1AE00B035B3;
			remoteInfo = Calculator;
		};
/* End PBXContainerItemProxy section */

/* Begin PBXFileReference section */
		3D17D845234BF1AE00B035B3 /* Calculator.app */ = {isa = PBXFileReference; explicitFileType = wrapper.application; includeInIndex = 0; path = Calculator.app; sourceTree = BUILT_PRODUCTS_DIR; };
		3D17D848234BF1AE00B035B3 /* AppDelegate.swift */ = {isa = PBXFileReference; lastKnownFileType = sourcecode.swift; path = AppDelegate.swift; sourceTree = "<group>"; };
		3D17D84A234BF1AE00B035B3 /* ViewController.swift */ = {isa = PBXFileReference; lastKnownFileType = sourcecode.swift; path = ViewController.swift; sourceTree = "<group>"; };
		3D17D84D234BF1AE00B035B3 /* Base */ = {isa = PBXFileReference; lastKnownFileType = file.storyboard; name = Base; path = Base.lproj/Main.storyboard; sourceTree = "<group>"; };
		3D17D84F234BF1B400B035B3 /* Assets.xcassets */ = {isa = PBXFileReference; lastKnownFileType = folder.assetcatalog; path = Assets.xcassets; sourceTree = "<group>"; };
		3D17D852234BF1B400B035B3 /* Base */ = {isa = PBXFileReference; lastKnownFileType = file.storyboard; name = Base; path = Base.lproj/LaunchScreen.storyboard; sourceTree = "<group>"; };
		3D17D854234BF1B400B035B3 /* Info.plist */ = {isa = PBXFileReference; lastKnownFileType = text.plist.xml; path = Info.plist; sourceTree = "<group>"; };
		3D17D859234BF1B400B035B3 /* CalculatorTests.xctest */ = {isa = PBXFileReference; explicitFileType = wrapper.cfbundle; includeInIndex = 0; path = CalculatorTests.xctest; sourceTree = BUILT_PRODUCTS_DIR; };
		3D17D85D234BF1B400B035B3 /* CalculatorTests.swift */ = {isa = PBXFileReference; lastKnownFileType = sourcecode.swift; path = CalculatorTests.swift; sourceTree = "<group>"; };
		3D17D85F234BF1B400B035B3 /* Info.plist */ = {isa = PBXFileReference; lastKnownFileType = text.plist.xml; path = Info.plist; sourceTree = "<group>"; };
		3D17D864234BF1B400B035B3 /* CalculatorUITests.xctest */ = {isa = PBXFileReference; explicitFileType = wrapper.cfbundle; includeInIndex = 0; path = CalculatorUITests.xctest; sourceTree = BUILT_PRODUCTS_DIR; };
		3D17D868234BF1B400B035B3 /* CalculatorUITests.swift */ = {isa = PBXFileReference; lastKnownFileType = sourcecode.swift; path = CalculatorUITests.swift; sourceTree = "<group>"; };
		3D17D86A234BF1B400B035B3 /* Info.plist */ = {isa = PBXFileReference; lastKnownFileType = text.plist.xml; path = Info.plist; sourceTree = "<group>"; };
/* End PBXFileReference section */

/* Begin PBXFrameworksBuildPhase section */
		3D17D842234BF1AE00B035B3 /* Frameworks */ = {
			isa = PBXFrameworksBuildPhase;
			buildActionMask = 2147483647;
			files = (
			);
			runOnlyForDeploymentPostprocessing = 0;
		};
		3D17D856234BF1B400B035B3 /* Frameworks */ = {
			isa = PBXFrameworksBuildPhase;
			buildActionMask = 2147483647;
			files = (
			);
			runOnlyForDeploymentPostprocessing = 0;
		};
		3D17D861234BF1B400B035B3 /* Frameworks */ = {
			isa = PBXFrameworksBuildPhase;
			buildActionMask = 2147483647;
			files = (
			);
			runOnlyForDeploymentPostprocessing = 0;
		};
/* End PBXFrameworksBuildPhase section */

/* Begin PBXGroup section */
		3D17D83C234BF1AE00B035B3 = {
			isa = PBXGroup;
			children = (
				3D17D847234BF1AE00B035B3 /* Calculator */,
				3D17D85C234BF1B400B035B3 /* CalculatorTests */,
				3D17D867234BF1B400B035B3 /* CalculatorUITests */,
				3D17D846234BF1AE00B035B3 /* Products */,
			);
			sourceTree = "<group>";
		};
		3D17D846234BF1AE00B035B3 /* Products */ = {
			isa = PBXGroup;
			children = (
				3D17D845234BF1AE00B035B3 /* Calculator.app */,
				3D17D859234BF1B400B035B3 /* CalculatorTests.xctest */,
				3D17D864234BF1B400B035B3 /* CalculatorUITests.xctest */,
			);
			name = Products;
			sourceTree = "<group>";
		};
		3D17D847234BF1AE00B035B3 /* Calculator */ = {
			isa = PBXGroup;
			children = (
				3D17D848234BF1AE00B035B3 /* AppDelegate.swift */,
				3D17D84A234BF1AE00B035B3 /* ViewController.swift */,
				3D17D84C234BF1AE00B035B3 /* Main.storyboard */,
				3D17D84F234BF1B400B035B3 /* Assets.xcassets */,
				3D17D851234BF1B400B035B3 /* LaunchScreen.storyboard */,
				3D17D854234BF1B400B035B3 /* Info.plist */,
			);
			path = Calculator;
			sourceTree = "<group>";
		};
		3D17D85C234BF1B400B035B3 /* CalculatorTests */ = {
			isa = PBXGroup;
			children = (
				3D17D85D234BF1B400B035B3 /* CalculatorTests.swift */,
				3D17D85F234BF1B400B035B3 /* Info.plist */,
			);
			path = CalculatorTests;
			sourceTree = "<group>";
		};
		3D17D867234BF1B400B035B3 /* CalculatorUITests */ = {
			isa = PBXGroup;
			children = (
				3D17D868234BF1B400B035B3 /* CalculatorUITests.swift */,
				3D17D86A234BF1B400B035B3 /* Info.plist */,
			);
			path = CalculatorUITests;
			sourceTree = "<group>";
		};
/* End PBXGroup section */

/* Begin PBXNativeTarget section */
		3D17D844234BF1AE00B035B3 /* Calculator */ = {
			isa = PBXNativeTarget;
			buildConfigurationList = 3D17D86D234BF1B400B035B3 /* Build configuration list for PBXNativeTarget "Calculator" */;
			buildPhases = (
				3D17D841234BF1AE00B035B3 /* Sources */,
				3D17D842234BF1AE00B035B3 /* Frameworks */,
				3D17D843234BF1AE00B035B3 /* Resources */,
			);
			buildRules = (
			);
			dependencies = (
			);
			name = Calculator;
			productName = Calculator;
			productReference = 3D17D845234BF1AE00B035B3 /* Calculator.app */;
			productType = "com.apple.product-type.application";
		};
		3D17D858234BF1B400B035B3 /* CalculatorTests */ = {
			isa = PBXNativeTarget;
			buildConfigurationList = 3D17D870234BF1B400B035B3 /* Build configuration list for PBXNativeTarget "CalculatorTests" */;
			buildPhases = (
				3D17D855234BF1B400B035B3 /* Sources */,
				3D17D856234BF1B400B035B3 /* Frameworks */,
				3D17D857234BF1B400B035B3 /* Resources */,
			);
			buildRules = (
			);
			dependencies = (
				3D17D85B234BF1B400B035B3 /* PBXTargetDependency */,
			);
			name = CalculatorTests;
			productName = CalculatorTests;
			productReference = 3D17D859234BF1B400B035B3 /* CalculatorTests.xctest */;
			productType = "com.apple.product-type.bundle.unit-test";
		};
		3D17D863234BF1B400B035B3 /* CalculatorUITests */ = {
			isa = PBXNativeTarget;
			buildConfigurationList = 3D17D873234BF1B400B035B3 /* Build configuration list for PBXNativeTarget "CalculatorUITests" */;
			buildPhases = (
				3D17D860234BF1B400B035B3 /* Sources */,
				3D17D861234BF1B400B035B3 /* Frameworks */,
				3D17D862234BF1B400B035B3 /* Resources */,
			);
			buildRules = (
			);
			dependencies = (
				3D17D866234BF1B400B035B3 /* PBXTargetDependency */,
			);
			name = CalculatorUITests;
			productName = CalculatorUITests;
			productReference = 3D17D864234BF1B400B035B3 /* CalculatorUITests.xctest */;
			productType = "com.apple.product-type.bundle.ui-testing";
		};
/* End PBXNativeTarget section */

/* Begin PBXProject section */
		3D17D83D234BF1AE00B035B3 /* Project object */ = {
			isa = PBXProject;
			attributes = {
				LastSwiftUpdateCheck = 1010;
				LastUpgradeCheck = 1010;
				ORGANIZATIONNAME = "Jennie Kang";
				TargetAttributes = {
					3D17D844234BF1AE00B035B3 = {
						CreatedOnToolsVersion = 10.1;
					};
					3D17D858234BF1B400B035B3 = {
						CreatedOnToolsVersion = 10.1;
						TestTargetID = 3D17D844234BF1AE00B035B3;
					};
					3D17D863234BF1B400B035B3 = {
						CreatedOnToolsVersion = 10.1;
						TestTargetID = 3D17D844234BF1AE00B035B3;
					};
				};
			};
			buildConfigurationList = 3D17D840234BF1AE00B035B3 /* Build configuration list for PBXProject "Calculator" */;
			compatibilityVersion = "Xcode 9.3";
			developmentRegion = en;
			hasScannedForEncodings = 0;
			knownRegions = (
				en,
				Base,
			);
			mainGroup = 3D17D83C234BF1AE00B035B3;
			productRefGroup = 3D17D846234BF1AE00B035B3 /* Products */;
			projectDirPath = "";
			projectRoot = "";
			targets = (
				3D17D844234BF1AE00B035B3 /* Calculator */,
				3D17D858234BF1B400B035B3 /* CalculatorTests */,
				3D17D863234BF1B400B035B3 /* CalculatorUITests */,
			);
		};
/* End PBXProject section */

/* Begin PBXResourcesBuildPhase section */
		3D17D843234BF1AE00B035B3 /* Resources */ = {
			isa = PBXResourcesBuildPhase;
			buildActionMask = 2147483647;
			files = (
				3D17D853234BF1B400B035B3 /* LaunchScreen.storyboard in Resources */,
				3D17D850234BF1B400B035B3 /* Assets.xcassets in Resources */,
				3D17D84E234BF1AE00B035B3 /* Main.storyboard in Resources */,
			);
			runOnlyForDeploymentPostprocessing = 0;
		};
		3D17D857234BF1B400B035B3 /* Resources */ = {
			isa = PBXResourcesBuildPhase;
			buildActionMask = 2147483647;
			files = (
			);
			runOnlyForDeploymentPostprocessing = 0;
		};
		3D17D862234BF1B400B035B3 /* Resources */ = {
			isa = PBXResourcesBuildPhase;
			buildActionMask = 2147483647;
			files = (
			);
			runOnlyForDeploymentPostprocessing = 0;
		};
/* End PBXResourcesBuildPhase section */

/* Begin PBXSourcesBuildPhase section */
		3D17D841234BF1AE00B035B3 /* Sources */ = {
			isa = PBXSourcesBuildPhase;
			buildActionMask = 2147483647;
			files = (
				3D17D84B234BF1AE00B035B3 /* ViewController.swift in Sources */,
				3D17D849234BF1AE00B035B3 /* AppDelegate.swift in Sources */,
			);
			runOnlyForDeploymentPostprocessing = 0;
		};
		3D17D855234BF1B400B035B3 /* Sources */ = {
			isa = PBXSourcesBuildPhase;
			buildActionMask = 2147483647;
			files = (
				3D17D85E234BF1B400B035B3 /* CalculatorTests.swift in Sources */,
			);
			runOnlyForDeploymentPostprocessing = 0;
		};
		3D17D860234BF1B400B035B3 /* Sources */ = {
			isa = PBXSourcesBuildPhase;
			buildActionMask = 2147483647;
			files = (
				3D17D869234BF1B400B035B3 /* CalculatorUITests.swift in Sources */,
			);
			runOnlyForDeploymentPostprocessing = 0;
		};
/* End PBXSourcesBuildPhase section */

/* Begin PBXTargetDependency section */
		3D17D85B234BF1B400B035B3 /* PBXTargetDependency */ = {
			isa = PBXTargetDependency;
			target = 3D17D844234BF1AE00B035B3 /* Calculator */;
			targetProxy = 3D17D85A234BF1B400B035B3 /* PBXContainerItemProxy */;
		};
		3D17D866234BF1B400B035B3 /* PBXTargetDependency */ = {
			isa = PBXTargetDependency;
			target = 3D17D844234BF1AE00B035B3 /* Calculator */;
			targetProxy = 3D17D865234BF1B400B035B3 /* PBXContainerItemProxy */;
		};
/* End PBXTargetDependency section */

/* Begin PBXVariantGroup section */
		3D17D84C234BF1AE00B035B3 /* Main.storyboard */ = {
			isa = PBXVariantGroup;
			children = (
				3D17D84D234BF1AE00B035B3 /* Base */,
			);
			name = Main.storyboard;
			sourceTree = "<group>";
		};
		3D17D851234BF1B400B035B3 /* LaunchScreen.storyboard */ = {
			isa = PBXVariantGroup;
			children = (
				3D17D852234BF1B400B035B3 /* Base */,
			);
			name = LaunchScreen.storyboard;
			sourceTree = "<group>";
		};
/* End PBXVariantGroup section */

/* Begin XCBuildConfiguration section */
		3D17D86B234BF1B400B035B3 /* Debug */ = {
			isa = XCBuildConfiguration;
			buildSettings = {
				ALWAYS_SEARCH_USER_PATHS = NO;
				CLANG_ANALYZER_NONNULL = YES;
				CLANG_ANALYZER_NUMBER_OBJECT_CONVERSION = YES_AGGRESSIVE;
				CLANG_CXX_LANGUAGE_STANDARD = "gnu++14";
				CLANG_CXX_LIBRARY = "libc++";
				CLANG_ENABLE_MODULES = YES;
				CLANG_ENABLE_OBJC_ARC = YES;
				CLANG_ENABLE_OBJC_WEAK = YES;
				CLANG_WARN_BLOCK_CAPTURE_AUTORELEASING = YES;
				CLANG_WARN_BOOL_CONVERSION = YES;
				CLANG_WARN_COMMA = YES;
				CLANG_WARN_CONSTANT_CONVERSION = YES;
				CLANG_WARN_DEPRECATED_OBJC_IMPLEMENTATIONS = YES;
				CLANG_WARN_DIRECT_OBJC_ISA_USAGE = YES_ERROR;
				CLANG_WARN_DOCUMENTATION_COMMENTS = YES;
				CLANG_WARN_EMPTY_BODY = YES;
				CLANG_WARN_ENUM_CONVERSION = YES;
				CLANG_WARN_INFINITE_RECURSION = YES;
				CLANG_WARN_INT_CONVERSION = YES;
				CLANG_WARN_NON_LITERAL_NULL_CONVERSION = YES;
				CLANG_WARN_OBJC_IMPLICIT_RETAIN_SELF = YES;
				CLANG_WARN_OBJC_LITERAL_CONVERSION = YES;
				CLANG_WARN_OBJC_ROOT_CLASS = YES_ERROR;
				CLANG_WARN_RANGE_LOOP_ANALYSIS = YES;
				CLANG_WARN_STRICT_PROTOTYPES = YES;
				CLANG_WARN_SUSPICIOUS_MOVE = YES;
				CLANG_WARN_UNGUARDED_AVAILABILITY = YES_AGGRESSIVE;
				CLANG_WARN_UNREACHABLE_CODE = YES;
				CLANG_WARN__DUPLICATE_METHOD_MATCH = YES;
				CODE_SIGN_IDENTITY = "iPhone Developer";
				COPY_PHASE_STRIP = NO;
				DEBUG_INFORMATION_FORMAT = dwarf;
				ENABLE_STRICT_OBJC_MSGSEND = YES;
				ENABLE_TESTABILITY = YES;
				GCC_C_LANGUAGE_STANDARD = gnu11;
				GCC_DYNAMIC_NO_PIC = NO;
				GCC_NO_COMMON_BLOCKS = YES;
				GCC_OPTIMIZATION_LEVEL = 0;
				GCC_PREPROCESSOR_DEFINITIONS = (
					"DEBUG=1",
					"$(inherited)",
				);
				GCC_WARN_64_TO_32_BIT_CONVERSION = YES;
				GCC_WARN_ABOUT_RETURN_TYPE = YES_ERROR;
				GCC_WARN_UNDECLARED_SELECTOR = YES;
				GCC_WARN_UNINITIALIZED_AUTOS = YES_AGGRESSIVE;
				GCC_WARN_UNUSED_FUNCTION = YES;
				GCC_WARN_UNUSED_VARIABLE = YES;
				IPHONEOS_DEPLOYMENT_TARGET = 12.1;
				MTL_ENABLE_DEBUG_INFO = INCLUDE_SOURCE;
				MTL_FAST_MATH = YES;
				ONLY_ACTIVE_ARCH = YES;
				SDKROOT = iphoneos;
				SWIFT_ACTIVE_COMPILATION_CONDITIONS = DEBUG;
				SWIFT_OPTIMIZATION_LEVEL = "-Onone";
			};
			name = Debug;
		};
		3D17D86C234BF1B400B035B3 /* Release */ = {
			isa = XCBuildConfiguration;
			buildSettings = {
				ALWAYS_SEARCH_USER_PATHS = NO;
				CLANG_ANALYZER_NONNULL = YES;
				CLANG_ANALYZER_NUMBER_OBJECT_CONVERSION = YES_AGGRESSIVE;
				CLANG_CXX_LANGUAGE_STANDARD = "gnu++14";
				CLANG_CXX_LIBRARY = "libc++";
				CLANG_ENABLE_MODULES = YES;
				CLANG_ENABLE_OBJC_ARC = YES;
				CLANG_ENABLE_OBJC_WEAK = YES;
				CLANG_WARN_BLOCK_CAPTURE_AUTORELEASING = YES;
				CLANG_WARN_BOOL_CONVERSION = YES;
				CLANG_WARN_COMMA = YES;
				CLANG_WARN_CONSTANT_CONVERSION = YES;
				CLANG_WARN_DEPRECATED_OBJC_IMPLEMENTATIONS = YES;
				CLANG_WARN_DIRECT_OBJC_ISA_USAGE = YES_ERROR;
				CLANG_WARN_DOCUMENTATION_COMMENTS = YES;
				CLANG_WARN_EMPTY_BODY = YES;
				CLANG_WARN_ENUM_CONVERSION = YES;
				CLANG_WARN_INFINITE_RECURSION = YES;
				CLANG_WARN_INT_CONVERSION = YES;
				CLANG_WARN_NON_LITERAL_NULL_CONVERSION = YES;
				CLANG_WARN_OBJC_IMPLICIT_RETAIN_SELF = YES;
				CLANG_WARN_OBJC_LITERAL_CONVERSION = YES;
				CLANG_WARN_OBJC_ROOT_CLASS = YES_ERROR;
				CLANG_WARN_RANGE_LOOP_ANALYSIS = YES;
				CLANG_WARN_STRICT_PROTOTYPES = YES;
				CLANG_WARN_SUSPICIOUS_MOVE = YES;
				CLANG_WARN_UNGUARDED_AVAILABILITY = YES_AGGRESSIVE;
				CLANG_WARN_UNREACHABLE_CODE = YES;
				CLANG_WARN__DUPLICATE_METHOD_MATCH = YES;
				CODE_SIGN_IDENTITY = "iPhone Developer";
				COPY_PHASE_STRIP = NO;
				DEBUG_INFORMATION_FORMAT = "dwarf-with-dsym";
				ENABLE_NS_ASSERTIONS = NO;
				ENABLE_STRICT_OBJC_MSGSEND = YES;
				GCC_C_LANGUAGE_STANDARD = gnu11;
				GCC_NO_COMMON_BLOCKS = YES;
				GCC_WARN_64_TO_32_BIT_CONVERSION = YES;
				GCC_WARN_ABOUT_RETURN_TYPE = YES_ERROR;
				GCC_WARN_UNDECLARED_SELECTOR = YES;
				GCC_WARN_UNINITIALIZED_AUTOS = YES_AGGRESSIVE;
				GCC_WARN_UNUSED_FUNCTION = YES;
				GCC_WARN_UNUSED_VARIABLE = YES;
				IPHONEOS_DEPLOYMENT_TARGET = 12.1;
				MTL_ENABLE_DEBUG_INFO = NO;
				MTL_FAST_MATH = YES;
				SDKROOT = iphoneos;
				SWIFT_COMPILATION_MODE = wholemodule;
				SWIFT_OPTIMIZATION_LEVEL = "-O";
				VALIDATE_PRODUCT = YES;
			};
			name = Release;
		};
		3D17D86E234BF1B400B035B3 /* Debug */ = {
			isa = XCBuildConfiguration;
			buildSettings = {
				ASSETCATALOG_COMPILER_APPICON_NAME = AppIcon;
				CODE_SIGN_STYLE = Automatic;
				DEVELOPMENT_TEAM = PR97F58S4P;
				INFOPLIST_FILE = Calculator/Info.plist;
				LD_RUNPATH_SEARCH_PATHS = (
					"$(inherited)",
					"@executable_path/Frameworks",
				);
				PRODUCT_BUNDLE_IDENTIFIER = class.Calculator;
				PRODUCT_NAME = "$(TARGET_NAME)";
				SWIFT_VERSION = 4.2;
				TARGETED_DEVICE_FAMILY = "1,2";
			};
			name = Debug;
		};
		3D17D86F234BF1B400B035B3 /* Release */ = {
			isa = XCBuildConfiguration;
			buildSettings = {
				ASSETCATALOG_COMPILER_APPICON_NAME = AppIcon;
				CODE_SIGN_STYLE = Automatic;
				DEVELOPMENT_TEAM = PR97F58S4P;
				INFOPLIST_FILE = Calculator/Info.plist;
				LD_RUNPATH_SEARCH_PATHS = (
					"$(inherited)",
					"@executable_path/Frameworks",
				);
				PRODUCT_BUNDLE_IDENTIFIER = class.Calculator;
				PRODUCT_NAME = "$(TARGET_NAME)";
				SWIFT_VERSION = 4.2;
				TARGETED_DEVICE_FAMILY = "1,2";
			};
			name = Release;
		};
		3D17D871234BF1B400B035B3 /* Debug */ = {
			isa = XCBuildConfiguration;
			buildSettings = {
				ALWAYS_EMBED_SWIFT_STANDARD_LIBRARIES = YES;
				BUNDLE_LOADER = "$(TEST_HOST)";
				CODE_SIGN_STYLE = Automatic;
				DEVELOPMENT_TEAM = PR97F58S4P;
				INFOPLIST_FILE = CalculatorTests/Info.plist;
				LD_RUNPATH_SEARCH_PATHS = (
					"$(inherited)",
					"@executable_path/Frameworks",
					"@loader_path/Frameworks",
				);
				PRODUCT_BUNDLE_IDENTIFIER = class.CalculatorTests;
				PRODUCT_NAME = "$(TARGET_NAME)";
				SWIFT_VERSION = 4.2;
				TARGETED_DEVICE_FAMILY = "1,2";
				TEST_HOST = "$(BUILT_PRODUCTS_DIR)/Calculator.app/Calculator";
			};
			name = Debug;
		};
		3D17D872234BF1B400B035B3 /* Release */ = {
			isa = XCBuildConfiguration;
			buildSettings = {
				ALWAYS_EMBED_SWIFT_STANDARD_LIBRARIES = YES;
				BUNDLE_LOADER = "$(TEST_HOST)";
				CODE_SIGN_STYLE = Automatic;
				DEVELOPMENT_TEAM = PR97F58S4P;
				INFOPLIST_FILE = CalculatorTests/Info.plist;
				LD_RUNPATH_SEARCH_PATHS = (
					"$(inherited)",
					"@executable_path/Frameworks",
					"@loader_path/Frameworks",
				);
				PRODUCT_BUNDLE_IDENTIFIER = class.CalculatorTests;
				PRODUCT_NAME = "$(TARGET_NAME)";
				SWIFT_VERSION = 4.2;
				TARGETED_DEVICE_FAMILY = "1,2";
				TEST_HOST = "$(BUILT_PRODUCTS_DIR)/Calculator.app/Calculator";
			};
			name = Release;
		};
		3D17D874234BF1B400B035B3 /* Debug */ = {
			isa = XCBuildConfiguration;
			buildSettings = {
				ALWAYS_EMBED_SWIFT_STANDARD_LIBRARIES = YES;
				CODE_SIGN_STYLE = Automatic;
				DEVELOPMENT_TEAM = PR97F58S4P;
				INFOPLIST_FILE = CalculatorUITests/Info.plist;
				LD_RUNPATH_SEARCH_PATHS = (
					"$(inherited)",
					"@executable_path/Frameworks",
					"@loader_path/Frameworks",
				);
				PRODUCT_BUNDLE_IDENTIFIER = class.CalculatorUITests;
				PRODUCT_NAME = "$(TARGET_NAME)";
				SWIFT_VERSION = 4.2;
				TARGETED_DEVICE_FAMILY = "1,2";
				TEST_TARGET_NAME = Calculator;
			};
			name = Debug;
		};
		3D17D875234BF1B400B035B3 /* Release */ = {
			isa = XCBuildConfiguration;
			buildSettings = {
				ALWAYS_EMBED_SWIFT_STANDARD_LIBRARIES = YES;
				CODE_SIGN_STYLE = Automatic;
				DEVELOPMENT_TEAM = PR97F58S4P;
				INFOPLIST_FILE = CalculatorUITests/Info.plist;
				LD_RUNPATH_SEARCH_PATHS = (
					"$(inherited)",
					"@executable_path/Frameworks",
					"@loader_path/Frameworks",
				);
				PRODUCT_BUNDLE_IDENTIFIER = class.CalculatorUITests;
				PRODUCT_NAME = "$(TARGET_NAME)";
				SWIFT_VERSION = 4.2;
				TARGETED_DEVICE_FAMILY = "1,2";
				TEST_TARGET_NAME = Calculator;
			};
			name = Release;
		};
/* End XCBuildConfiguration section */

/* Begin XCConfigurationList section */
		3D17D840234BF1AE00B035B3 /* Build configuration list for PBXProject "Calculator" */ = {
			isa = XCConfigurationList;
			buildConfigurations = (
				3D17D86B234BF1B400B035B3 /* Debug */,
				3D17D86C234BF1B400B035B3 /* Release */,
			);
			defaultConfigurationIsVisible = 0;
			defaultConfigurationName = Release;
		};
		3D17D86D234BF1B400B035B3 /* Build configuration list for PBXNativeTarget "Calculator" */ = {
			isa = XCConfigurationList;
			buildConfigurations = (
				3D17D86E234BF1B400B035B3 /* Debug */,
				3D17D86F234BF1B400B035B3 /* Release */,
			);
			defaultConfigurationIsVisible = 0;
			defaultConfigurationName = Release;
		};
		3D17D870234BF1B400B035B3 /* Build configuration list for PBXNativeTarget "CalculatorTests" */ = {
			isa = XCConfigurationList;
			buildConfigurations = (
				3D17D871234BF1B400B035B3 /* Debug */,
				3D17D872234BF1B400B035B3 /* Release */,
			);
			defaultConfigurationIsVisible = 0;
			defaultConfigurationName = Release;
		};
		3D17D873234BF1B400B035B3 /* Build configuration list for PBXNativeTarget "CalculatorUITests" */ = {
			isa = XCConfigurationList;
			buildConfigurations = (
				3D17D874234BF1B400B035B3 /* Debug */,
				3D17D875234BF1B400B035B3 /* Release */,
			);
			defaultConfigurationIsVisible = 0;
			defaultConfigurationName = Release;
		};
/* End XCConfigurationList section */
	};
	rootObject = 3D17D83D234BF1AE00B035B3 /* Project object */;
}
